
Microsoft Visual Studio Solution File, Format Version 12.00
# Visual Studio 2013
VisualStudioVersion = 12.0.21005.1
MinimumVisualStudioVersion = 10.0.40219.1
Project("{FAE04EC0-301F-11D3-BF4B-00C04F79EFBC}") = "DTO", "DTO\DTO.csproj", "{54C255F3-096B-43F8-B936-294125BD87A2}"
EndProject
Project("{FAE04EC0-301F-11D3-BF4B-00C04F79EFBC}") = "DAO", "DAO\DAO.csproj", "{EC9ECC65-1E67-4E29-ADCC-C330F14F4B7B}"
EndProject
Project("{FAE04EC0-301F-11D3-BF4B-00C04F79EFBC}") = "BUS", "BUS\BUS.csproj", "{5B441600-9B63-4ED7-ABA8-B81623433AA5}"
EndProject
Project("{FAE04EC0-301F-11D3-BF4B-00C04F79EFBC}") = "PresentaionTier", "PresentaionTier\PresentaionTier.csproj", "{2E329FB5-EC40-46EC-B897-933563DFBC27}"
EndProject
Global
	GlobalSection(SolutionConfigurationPlatforms) = preSolution
		Debug|Any CPU = Debug|Any CPU
		Release|Any CPU = Release|Any CPU
	EndGlobalSection
	GlobalSection(ProjectConfigurationPlatforms) = postSolution
		{54C255F3-096B-43F8-B936-294125BD87A2}.Debug|Any CPU.ActiveCfg = Debug|Any CPU
		{54C255F3-096B-43F8-B936-294125BD87A2}.Debug|Any CPU.Build.0 = Debug|Any CPU
		{54C255F3-096B-43F8-B936-294125BD87A2}.Release|Any CPU.ActiveCfg = Release|Any CPU
		{54C255F3-096B-43F8-B936-294125BD87A2}.Release|Any CPU.Build.0 = Release|Any CPU
		{EC9ECC65-1E67-4E29-ADCC-C330F14F4B7B}.Debug|Any CPU.ActiveCfg = Debug|Any CPU
		{EC9ECC65-1E67-4E29-ADCC-C330F14F4B7B}.Debug|Any CPU.Build.0 = Debug|Any CPU
		{EC9ECC65-1E67-4E29-ADCC-C330F14F4B7B}.Release|Any CPU.ActiveCfg = Release|Any CPU
		{EC9ECC65-1E67-4E29-ADCC-C330F14F4B7B}.Release|Any CPU.Build.0 = Release|Any CPU
		{5B441600-9B63-4ED7-ABA8-B81623433AA5}.Debug|Any CPU.ActiveCfg = Debug|Any CPU
		{5B441600-9B63-4ED7-ABA8-B81623433AA5}.Debug|Any CPU.Build.0 = Debug|Any CPU
		{5B441600-9B63-4ED7-ABA8-B81623433AA5}.Release|Any CPU.ActiveCfg = Release|Any CPU
		{5B441600-9B63-4ED7-ABA8-B81623433AA5}.Release|Any CPU.Build.0 = Release|Any CPU
		{2E329FB5-EC40-46EC-B897-933563DFBC27}.Debug|Any CPU.ActiveCfg = Debug|Any CPU
		{2E329FB5-EC40-46EC-B897-933563DFBC27}.Debug|Any CPU.Build.0 = Debug|Any CPU
		{2E329FB5-EC40-46EC-B897-933563DFBC27}.Release|Any CPU.ActiveCfg = Release|Any CPU
		{2E329FB5-EC40-46EC-B897-933563DFBC27}.Release|Any CPU.Build.0 = Release|Any CPU
	EndGlobalSection
	GlobalSection(SolutionProperties) = preSolution
		HideSolutionNode = FALSE
	EndGlobalSection
EndGlobal
